Microsoft Visual Studio Solution File, Format Version 12.00
# Visual Studio Version 17
VisualStudioVersion = 17.5.2.0
MinimumVisualStudioVersion = 10.0.40219.1
Project("{FAE04EC0-301F-11D3-BF4B-00C04F79EFBC}") = "EsempioDiOverloading", "EsempioDiOverloading.csproj", "{BC002198-2A98-2EBE-EDF4-0EA80F345447}"
EndProject
Global
	GlobalSection(SolutionConfigurationPlatforms) = preSolution
		Debug|Any CPU = Debug|Any CPU
		Release|Any CPU = Release|Any CPU
	EndGlobalSection
	GlobalSection(ProjectConfigurationPlatforms) = postSolution
		{BC002198-2A98-2EBE-EDF4-0EA80F345447}.Debug|Any CPU.ActiveCfg = Debug|Any CPU
		{BC002198-2A98-2EBE-EDF4-0EA80F345447}.Debug|Any CPU.Build.0 = Debug|Any CPU
		{BC002198-2A98-2EBE-EDF4-0EA80F345447}.Release|Any CPU.ActiveCfg = Release|Any CPU
		{BC002198-2A98-2EBE-EDF4-0EA80F345447}.Release|Any CPU.Build.0 = Release|Any CPU
	EndGlobalSection
	GlobalSection(SolutionProperties) = preSolution
		HideSolutionNode = FALSE
	EndGlobalSection
	GlobalSection(ExtensibilityGlobals) = postSolution
		SolutionGuid = {DCDD0DAA-F4C5-4A5A-A663-8D91AE843CD1}
	EndGlobalSection
EndGlobal
