Microsoft Visual Studio Solution File, Format Version 12.00
# Visual Studio Version 17
VisualStudioVersion = 17.5.2.0
MinimumVisualStudioVersion = 10.0.40219.1
Project("{FAE04EC0-301F-11D3-BF4B-00C04F79EFBC}") = "ProvaSingleton", "ProvaSingleton.csproj", "{C7249213-7855-DAC7-2B71-562651BFA52C}"
EndProject
Global
	GlobalSection(SolutionConfigurationPlatforms) = preSolution
		Debug|Any CPU = Debug|Any CPU
		Release|Any CPU = Release|Any CPU
	EndGlobalSection
	GlobalSection(ProjectConfigurationPlatforms) = postSolution
		{C7249213-7855-DAC7-2B71-562651BFA52C}.Debug|Any CPU.ActiveCfg = Debug|Any CPU
		{C7249213-7855-DAC7-2B71-562651BFA52C}.Debug|Any CPU.Build.0 = Debug|Any CPU
		{C7249213-7855-DAC7-2B71-562651BFA52C}.Release|Any CPU.ActiveCfg = Release|Any CPU
		{C7249213-7855-DAC7-2B71-562651BFA52C}.Release|Any CPU.Build.0 = Release|Any CPU
	EndGlobalSection
	GlobalSection(SolutionProperties) = preSolution
		HideSolutionNode = FALSE
	EndGlobalSection
	GlobalSection(ExtensibilityGlobals) = postSolution
		SolutionGuid = {930E424B-5BE5-4A7F-8698-FAED8A13ABE3}
	EndGlobalSection
EndGlobal
