Microsoft Visual Studio Solution File, Format Version 12.00
# Visual Studio Version 17
VisualStudioVersion = 17.5.2.0
MinimumVisualStudioVersion = 10.0.40219.1
Project("{FAE04EC0-301F-11D3-BF4B-00C04F79EFBC}") = "Esercizio2Singleton", "Esercizio2Singleton.csproj", "{6FEC597B-52DF-AC7C-4D3C-5F8B76E446B5}"
EndProject
Global
	GlobalSection(SolutionConfigurationPlatforms) = preSolution
		Debug|Any CPU = Debug|Any CPU
		Release|Any CPU = Release|Any CPU
	EndGlobalSection
	GlobalSection(ProjectConfigurationPlatforms) = postSolution
		{6FEC597B-52DF-AC7C-4D3C-5F8B76E446B5}.Debug|Any CPU.ActiveCfg = Debug|Any CPU
		{6FEC597B-52DF-AC7C-4D3C-5F8B76E446B5}.Debug|Any CPU.Build.0 = Debug|Any CPU
		{6FEC597B-52DF-AC7C-4D3C-5F8B76E446B5}.Release|Any CPU.ActiveCfg = Release|Any CPU
		{6FEC597B-52DF-AC7C-4D3C-5F8B76E446B5}.Release|Any CPU.Build.0 = Release|Any CPU
	EndGlobalSection
	GlobalSection(SolutionProperties) = preSolution
		HideSolutionNode = FALSE
	EndGlobalSection
	GlobalSection(ExtensibilityGlobals) = postSolution
		SolutionGuid = {3316FA2A-0C61-491C-A620-AFEA2573DCF0}
	EndGlobalSection
EndGlobal
