Microsoft Visual Studio Solution File, Format Version 12.00
# Visual Studio Version 17
VisualStudioVersion = 17.5.2.0
MinimumVisualStudioVersion = 10.0.40219.1
Project("{FAE04EC0-301F-11D3-BF4B-00C04F79EFBC}") = "Verifica1", "Verifica1.csproj", "{66E24FCE-9893-CB69-06F0-4E23E0061FA2}"
EndProject
Global
	GlobalSection(SolutionConfigurationPlatforms) = preSolution
		Debug|Any CPU = Debug|Any CPU
		Release|Any CPU = Release|Any CPU
	EndGlobalSection
	GlobalSection(ProjectConfigurationPlatforms) = postSolution
		{66E24FCE-9893-CB69-06F0-4E23E0061FA2}.Debug|Any CPU.ActiveCfg = Debug|Any CPU
		{66E24FCE-9893-CB69-06F0-4E23E0061FA2}.Debug|Any CPU.Build.0 = Debug|Any CPU
		{66E24FCE-9893-CB69-06F0-4E23E0061FA2}.Release|Any CPU.ActiveCfg = Release|Any CPU
		{66E24FCE-9893-CB69-06F0-4E23E0061FA2}.Release|Any CPU.Build.0 = Release|Any CPU
	EndGlobalSection
	GlobalSection(SolutionProperties) = preSolution
		HideSolutionNode = FALSE
	EndGlobalSection
	GlobalSection(ExtensibilityGlobals) = postSolution
		SolutionGuid = {320A406A-5D6E-4678-A027-90B1AEE1DC15}
	EndGlobalSection
EndGlobal
